
Microsoft Visual Studio Solution File, Format Version 12.00
# Visual Studio Version 16
VisualStudioVersion = 16.0.30717.126
MinimumVisualStudioVersion = 10.0.40219.1
Project("{8BC9CEB8-8B4A-11D0-8D11-00A0C91BC942}") = "Exercise 2.3.4", "Exercise 2.3.4.vcxproj", "{DEBAA829-D2EF-4643-A1EE-A51B3E42F490}"
EndProject
Global
	GlobalSection(SolutionConfigurationPlatforms) = preSolution
		Debug|x64 = Debug|x64
		Debug|x86 = Debug|x86
		Release|x64 = Release|x64
		Release|x86 = Release|x86
	EndGlobalSection
	GlobalSection(ProjectConfigurationPlatforms) = postSolution
		{DEBAA829-D2EF-4643-A1EE-A51B3E42F490}.Debug|x64.ActiveCfg = Debug|x64
		{DEBAA829-D2EF-4643-A1EE-A51B3E42F490}.Debug|x64.Build.0 = Debug|x64
		{DEBAA829-D2EF-4643-A1EE-A51B3E42F490}.Debug|x86.ActiveCfg = Debug|Win32
		{DEBAA829-D2EF-4643-A1EE-A51B3E42F490}.Debug|x86.Build.0 = Debug|Win32
		{DEBAA829-D2EF-4643-A1EE-A51B3E42F490}.Release|x64.ActiveCfg = Release|x64
		{DEBAA829-D2EF-4643-A1EE-A51B3E42F490}.Release|x64.Build.0 = Release|x64
		{DEBAA829-D2EF-4643-A1EE-A51B3E42F490}.Release|x86.ActiveCfg = Release|Win32
		{DEBAA829-D2EF-4643-A1EE-A51B3E42F490}.Release|x86.Build.0 = Release|Win32
	EndGlobalSection
	GlobalSection(SolutionProperties) = preSolution
		HideSolutionNode = FALSE
	EndGlobalSection
	GlobalSection(ExtensibilityGlobals) = postSolution
		SolutionGuid = {16150380-A77D-41CC-B61F-84B8EF601C1A}
	EndGlobalSection
EndGlobal
