
Microsoft Visual Studio Solution File, Format Version 12.00
# Visual Studio Version 16
VisualStudioVersion = 16.0.30717.126
MinimumVisualStudioVersion = 10.0.40219.1
Project("{8BC9CEB8-8B4A-11D0-8D11-00A0C91BC942}") = "Exercise 2.3.1", "Exercise 2.3.1.vcxproj", "{B6A34CE6-07DD-481D-9D2F-9D8F53D106C1}"
EndProject
Global
	GlobalSection(SolutionConfigurationPlatforms) = preSolution
		Debug|x64 = Debug|x64
		Debug|x86 = Debug|x86
		Release|x64 = Release|x64
		Release|x86 = Release|x86
	EndGlobalSection
	GlobalSection(ProjectConfigurationPlatforms) = postSolution
		{B6A34CE6-07DD-481D-9D2F-9D8F53D106C1}.Debug|x64.ActiveCfg = Debug|x64
		{B6A34CE6-07DD-481D-9D2F-9D8F53D106C1}.Debug|x64.Build.0 = Debug|x64
		{B6A34CE6-07DD-481D-9D2F-9D8F53D106C1}.Debug|x86.ActiveCfg = Debug|Win32
		{B6A34CE6-07DD-481D-9D2F-9D8F53D106C1}.Debug|x86.Build.0 = Debug|Win32
		{B6A34CE6-07DD-481D-9D2F-9D8F53D106C1}.Release|x64.ActiveCfg = Release|x64
		{B6A34CE6-07DD-481D-9D2F-9D8F53D106C1}.Release|x64.Build.0 = Release|x64
		{B6A34CE6-07DD-481D-9D2F-9D8F53D106C1}.Release|x86.ActiveCfg = Release|Win32
		{B6A34CE6-07DD-481D-9D2F-9D8F53D106C1}.Release|x86.Build.0 = Release|Win32
	EndGlobalSection
	GlobalSection(SolutionProperties) = preSolution
		HideSolutionNode = FALSE
	EndGlobalSection
	GlobalSection(ExtensibilityGlobals) = postSolution
		SolutionGuid = {05EA8248-063A-455A-BE41-755A1FFD5DAF}
	EndGlobalSection
EndGlobal
