
Microsoft Visual Studio Solution File, Format Version 12.00
# Visual Studio Version 16
VisualStudioVersion = 16.0.30717.126
MinimumVisualStudioVersion = 10.0.40219.1
Project("{8BC9CEB8-8B4A-11D0-8D11-00A0C91BC942}") = "Exercise 1.3.7", "Exercise 1.3.7.vcxproj", "{93F1E557-D9AA-4F89-B0D4-22E1A16077CA}"
EndProject
Global
	GlobalSection(SolutionConfigurationPlatforms) = preSolution
		Debug|x64 = Debug|x64
		Debug|x86 = Debug|x86
		Release|x64 = Release|x64
		Release|x86 = Release|x86
	EndGlobalSection
	GlobalSection(ProjectConfigurationPlatforms) = postSolution
		{93F1E557-D9AA-4F89-B0D4-22E1A16077CA}.Debug|x64.ActiveCfg = Debug|x64
		{93F1E557-D9AA-4F89-B0D4-22E1A16077CA}.Debug|x64.Build.0 = Debug|x64
		{93F1E557-D9AA-4F89-B0D4-22E1A16077CA}.Debug|x86.ActiveCfg = Debug|Win32
		{93F1E557-D9AA-4F89-B0D4-22E1A16077CA}.Debug|x86.Build.0 = Debug|Win32
		{93F1E557-D9AA-4F89-B0D4-22E1A16077CA}.Release|x64.ActiveCfg = Release|x64
		{93F1E557-D9AA-4F89-B0D4-22E1A16077CA}.Release|x64.Build.0 = Release|x64
		{93F1E557-D9AA-4F89-B0D4-22E1A16077CA}.Release|x86.ActiveCfg = Release|Win32
		{93F1E557-D9AA-4F89-B0D4-22E1A16077CA}.Release|x86.Build.0 = Release|Win32
	EndGlobalSection
	GlobalSection(SolutionProperties) = preSolution
		HideSolutionNode = FALSE
	EndGlobalSection
	GlobalSection(ExtensibilityGlobals) = postSolution
		SolutionGuid = {F561D7C2-3C04-4C8A-9EE0-0B48F58701DB}
	EndGlobalSection
EndGlobal
