
Microsoft Visual Studio Solution File, Format Version 12.00
# Visual Studio Version 16
VisualStudioVersion = 16.0.30717.126
MinimumVisualStudioVersion = 10.0.40219.1
Project("{8BC9CEB8-8B4A-11D0-8D11-00A0C91BC942}") = "Exercise 2.3.6", "Exercise 2.3.6.vcxproj", "{A1F6FAAB-5224-45E6-A954-180D2DBF70EB}"
EndProject
Global
	GlobalSection(SolutionConfigurationPlatforms) = preSolution
		Debug|x64 = Debug|x64
		Debug|x86 = Debug|x86
		Release|x64 = Release|x64
		Release|x86 = Release|x86
	EndGlobalSection
	GlobalSection(ProjectConfigurationPlatforms) = postSolution
		{A1F6FAAB-5224-45E6-A954-180D2DBF70EB}.Debug|x64.ActiveCfg = Debug|x64
		{A1F6FAAB-5224-45E6-A954-180D2DBF70EB}.Debug|x64.Build.0 = Debug|x64
		{A1F6FAAB-5224-45E6-A954-180D2DBF70EB}.Debug|x86.ActiveCfg = Debug|Win32
		{A1F6FAAB-5224-45E6-A954-180D2DBF70EB}.Debug|x86.Build.0 = Debug|Win32
		{A1F6FAAB-5224-45E6-A954-180D2DBF70EB}.Release|x64.ActiveCfg = Release|x64
		{A1F6FAAB-5224-45E6-A954-180D2DBF70EB}.Release|x64.Build.0 = Release|x64
		{A1F6FAAB-5224-45E6-A954-180D2DBF70EB}.Release|x86.ActiveCfg = Release|Win32
		{A1F6FAAB-5224-45E6-A954-180D2DBF70EB}.Release|x86.Build.0 = Release|Win32
	EndGlobalSection
	GlobalSection(SolutionProperties) = preSolution
		HideSolutionNode = FALSE
	EndGlobalSection
	GlobalSection(ExtensibilityGlobals) = postSolution
		SolutionGuid = {328FE19F-03F5-4AEA-ABF7-5A6A7AB0FC4D}
	EndGlobalSection
EndGlobal
