
Microsoft Visual Studio Solution File, Format Version 12.00
# Visual Studio Version 16
VisualStudioVersion = 16.0.30717.126
MinimumVisualStudioVersion = 10.0.40219.1
Project("{8BC9CEB8-8B4A-11D0-8D11-00A0C91BC942}") = "Exercise 1.3.2", "Exercise 1.3.2.vcxproj", "{2309BE00-5FCE-434B-B293-E308785B89A7}"
EndProject
Global
	GlobalSection(SolutionConfigurationPlatforms) = preSolution
		Debug|x64 = Debug|x64
		Debug|x86 = Debug|x86
		Release|x64 = Release|x64
		Release|x86 = Release|x86
	EndGlobalSection
	GlobalSection(ProjectConfigurationPlatforms) = postSolution
		{2309BE00-5FCE-434B-B293-E308785B89A7}.Debug|x64.ActiveCfg = Debug|x64
		{2309BE00-5FCE-434B-B293-E308785B89A7}.Debug|x64.Build.0 = Debug|x64
		{2309BE00-5FCE-434B-B293-E308785B89A7}.Debug|x86.ActiveCfg = Debug|Win32
		{2309BE00-5FCE-434B-B293-E308785B89A7}.Debug|x86.Build.0 = Debug|Win32
		{2309BE00-5FCE-434B-B293-E308785B89A7}.Release|x64.ActiveCfg = Release|x64
		{2309BE00-5FCE-434B-B293-E308785B89A7}.Release|x64.Build.0 = Release|x64
		{2309BE00-5FCE-434B-B293-E308785B89A7}.Release|x86.ActiveCfg = Release|Win32
		{2309BE00-5FCE-434B-B293-E308785B89A7}.Release|x86.Build.0 = Release|Win32
	EndGlobalSection
	GlobalSection(SolutionProperties) = preSolution
		HideSolutionNode = FALSE
	EndGlobalSection
	GlobalSection(ExtensibilityGlobals) = postSolution
		SolutionGuid = {B2CB0840-216D-444C-8D41-9A498719B42E}
	EndGlobalSection
EndGlobal
