
Microsoft Visual Studio Solution File, Format Version 12.00
# Visual Studio Version 16
VisualStudioVersion = 16.0.30717.126
MinimumVisualStudioVersion = 10.0.40219.1
Project("{8BC9CEB8-8B4A-11D0-8D11-00A0C91BC942}") = "Exercise 1.8.1", "Exercise 1.8.1.vcxproj", "{4C1B0953-ACA2-48A2-A4E8-9A76DB904AF8}"
EndProject
Global
	GlobalSection(SolutionConfigurationPlatforms) = preSolution
		Debug|x64 = Debug|x64
		Debug|x86 = Debug|x86
		Release|x64 = Release|x64
		Release|x86 = Release|x86
	EndGlobalSection
	GlobalSection(ProjectConfigurationPlatforms) = postSolution
		{4C1B0953-ACA2-48A2-A4E8-9A76DB904AF8}.Debug|x64.ActiveCfg = Debug|x64
		{4C1B0953-ACA2-48A2-A4E8-9A76DB904AF8}.Debug|x64.Build.0 = Debug|x64
		{4C1B0953-ACA2-48A2-A4E8-9A76DB904AF8}.Debug|x86.ActiveCfg = Debug|Win32
		{4C1B0953-ACA2-48A2-A4E8-9A76DB904AF8}.Debug|x86.Build.0 = Debug|Win32
		{4C1B0953-ACA2-48A2-A4E8-9A76DB904AF8}.Release|x64.ActiveCfg = Release|x64
		{4C1B0953-ACA2-48A2-A4E8-9A76DB904AF8}.Release|x64.Build.0 = Release|x64
		{4C1B0953-ACA2-48A2-A4E8-9A76DB904AF8}.Release|x86.ActiveCfg = Release|Win32
		{4C1B0953-ACA2-48A2-A4E8-9A76DB904AF8}.Release|x86.Build.0 = Release|Win32
	EndGlobalSection
	GlobalSection(SolutionProperties) = preSolution
		HideSolutionNode = FALSE
	EndGlobalSection
	GlobalSection(ExtensibilityGlobals) = postSolution
		SolutionGuid = {1249C6F4-A037-4950-918E-C84925558F39}
	EndGlobalSection
EndGlobal
